
Microsoft Visual Studio Solution File, Format Version 12.00
# Visual Studio Version 16
VisualStudioVersion = 16.0.31129.286
MinimumVisualStudioVersion = 10.0.40219.1
Project("{FAE04EC0-301F-11D3-BF4B-00C04F79EFBC}") = "ApiCatalogo", "ApiCatalogo.csproj", "{A50202BF-4906-4EBA-8A1B-191AC68F1D7B}"
EndProject
Global
	GlobalSection(SolutionConfigurationPlatforms) = preSolution
		Debug|Any CPU = Debug|Any CPU
		Release|Any CPU = Release|Any CPU
	EndGlobalSection
	GlobalSection(ProjectConfigurationPlatforms) = postSolution
		{A50202BF-4906-4EBA-8A1B-191AC68F1D7B}.Debug|Any CPU.ActiveCfg = Debug|Any CPU
		{A50202BF-4906-4EBA-8A1B-191AC68F1D7B}.Debug|Any CPU.Build.0 = Debug|Any CPU
		{A50202BF-4906-4EBA-8A1B-191AC68F1D7B}.Release|Any CPU.ActiveCfg = Release|Any CPU
		{A50202BF-4906-4EBA-8A1B-191AC68F1D7B}.Release|Any CPU.Build.0 = Release|Any CPU
	EndGlobalSection
	GlobalSection(SolutionProperties) = preSolution
		HideSolutionNode = FALSE
	EndGlobalSection
	GlobalSection(ExtensibilityGlobals) = postSolution
		SolutionGuid = {1E00AB57-0DBD-4478-9CCC-3F430F22A1A7}
	EndGlobalSection
EndGlobal
